// !$*UTF8*$!
{
	archiveVersion = 1;
	classes = {
	};
	objectVersion = 46;
	objects = {

/* Begin PBXBuildFile section */
		05304F3A2420EA5C009662BA /* Posts8View.swift in Sources */ = {isa = PBXBuildFile; fileRef = 05304F382420EA5C009662BA /* Posts8View.swift */; };
		05304F3B2420EA5C009662BA /* Posts8View.xib in Resources */ = {isa = PBXBuildFile; fileRef = 05304F392420EA5C009662BA /* Posts8View.xib */; };
		05304F3E2420EF62009662BA /* Posts8Cell.swift in Sources */ = {isa = PBXBuildFile; fileRef = 05304F3C2420EF62009662BA /* Posts8Cell.swift */; };
		05304F3F2420EF62009662BA /* Posts8Cell.xib in Resources */ = {isa = PBXBuildFile; fileRef = 05304F3D2420EF62009662BA /* Posts8Cell.xib */; };
		053A26BB2422391700499748 /* Profile1Cell.swift in Sources */ = {isa = PBXBuildFile; fileRef = 053A26B92422391700499748 /* Profile1Cell.swift */; };
		053A26BC2422391700499748 /* Profile1Cell.xib in Resources */ = {isa = PBXBuildFile; fileRef = 053A26BA2422391700499748 /* Profile1Cell.xib */; };
		053A26BF24223C0800499748 /* Profile1View.swift in Sources */ = {isa = PBXBuildFile; fileRef = 053A26BD24223C0800499748 /* Profile1View.swift */; };
		053A26C024223C0800499748 /* Profile1View.xib in Resources */ = {isa = PBXBuildFile; fileRef = 053A26BE24223C0800499748 /* Profile1View.xib */; };
		053A26D62422506A00499748 /* Article1View.swift in Sources */ = {isa = PBXBuildFile; fileRef = 053A26D42422506A00499748 /* Article1View.swift */; };
		053A26D72422506A00499748 /* Article1View.xib in Resources */ = {isa = PBXBuildFile; fileRef = 053A26D52422506A00499748 /* Article1View.xib */; };
		053A26E52422678700499748 /* TextOptions1View.swift in Sources */ = {isa = PBXBuildFile; fileRef = 053A26E32422678700499748 /* TextOptions1View.swift */; };
		053A26E62422678700499748 /* TextOptions1View.xib in Resources */ = {isa = PBXBuildFile; fileRef = 053A26E42422678700499748 /* TextOptions1View.xib */; };
		053B24EB2421F43A004C7656 /* Search1View.swift in Sources */ = {isa = PBXBuildFile; fileRef = 053B24E92421F43A004C7656 /* Search1View.swift */; };
		053B24EC2421F43A004C7656 /* Search1View.xib in Resources */ = {isa = PBXBuildFile; fileRef = 053B24EA2421F43A004C7656 /* Search1View.xib */; };
		053B25052421F610004C7656 /* Notifications1View.swift in Sources */ = {isa = PBXBuildFile; fileRef = 053B24FD2421F610004C7656 /* Notifications1View.swift */; };
		053B25062421F610004C7656 /* Notifications1View.xib in Resources */ = {isa = PBXBuildFile; fileRef = 053B24FE2421F610004C7656 /* Notifications1View.xib */; };
		053B250D2421FB41004C7656 /* Search1Cell.swift in Sources */ = {isa = PBXBuildFile; fileRef = 053B250B2421FB41004C7656 /* Search1Cell.swift */; };
		053B250E2421FB41004C7656 /* Search1Cell.xib in Resources */ = {isa = PBXBuildFile; fileRef = 053B250C2421FB41004C7656 /* Search1Cell.xib */; };
		053B251B24221958004C7656 /* Bookmarks1View.swift in Sources */ = {isa = PBXBuildFile; fileRef = 053B251924221958004C7656 /* Bookmarks1View.swift */; };
		053B251C24221958004C7656 /* Bookmarks1View.xib in Resources */ = {isa = PBXBuildFile; fileRef = 053B251A24221958004C7656 /* Bookmarks1View.xib */; };
		053B251F24221CAC004C7656 /* Bookmarks1Cell1.swift in Sources */ = {isa = PBXBuildFile; fileRef = 053B251D24221CAC004C7656 /* Bookmarks1Cell1.swift */; };
		053B252024221CAC004C7656 /* Bookmarks1Cell1.xib in Resources */ = {isa = PBXBuildFile; fileRef = 053B251E24221CAC004C7656 /* Bookmarks1Cell1.xib */; };
		053B252324221CCD004C7656 /* Bookmarks1Cell2.swift in Sources */ = {isa = PBXBuildFile; fileRef = 053B252124221CCD004C7656 /* Bookmarks1Cell2.swift */; };
		053B252424221CCD004C7656 /* Bookmarks1Cell2.xib in Resources */ = {isa = PBXBuildFile; fileRef = 053B252224221CCD004C7656 /* Bookmarks1Cell2.xib */; };
		053B25322422249F004C7656 /* SettingsView.swift in Sources */ = {isa = PBXBuildFile; fileRef = 053B25302422249F004C7656 /* SettingsView.swift */; };
		053B25332422249F004C7656 /* SettingsView.xib in Resources */ = {isa = PBXBuildFile; fileRef = 053B25312422249F004C7656 /* SettingsView.xib */; };
		053B2537242229AB004C7656 /* EditProfileView.swift in Sources */ = {isa = PBXBuildFile; fileRef = 053B2535242229AB004C7656 /* EditProfileView.swift */; };
		053B2538242229AB004C7656 /* EditProfileView.xib in Resources */ = {isa = PBXBuildFile; fileRef = 053B2536242229AB004C7656 /* EditProfileView.xib */; };
		0541250A241F8B0100DCC466 /* Home1View.swift in Sources */ = {isa = PBXBuildFile; fileRef = 05412508241F8B0100DCC466 /* Home1View.swift */; };
		0541250B241F8B0100DCC466 /* Home1View.xib in Resources */ = {isa = PBXBuildFile; fileRef = 05412509241F8B0100DCC466 /* Home1View.xib */; };
		05436ABD2423D39500B9D811 /* Book1View.swift in Sources */ = {isa = PBXBuildFile; fileRef = 05436ABB2423D39500B9D811 /* Book1View.swift */; };
		05436ABE2423D39500B9D811 /* Book1View.xib in Resources */ = {isa = PBXBuildFile; fileRef = 05436ABC2423D39500B9D811 /* Book1View.xib */; };
		05436AC62423E32200B9D811 /* MyLibrary1View.swift in Sources */ = {isa = PBXBuildFile; fileRef = 05436AC42423E32200B9D811 /* MyLibrary1View.swift */; };
		05436AC72423E32200B9D811 /* MyLibrary1View.xib in Resources */ = {isa = PBXBuildFile; fileRef = 05436AC52423E32200B9D811 /* MyLibrary1View.xib */; };
		05436ACA2423EA3000B9D811 /* MyLibrary1Cell1.swift in Sources */ = {isa = PBXBuildFile; fileRef = 05436AC82423EA3000B9D811 /* MyLibrary1Cell1.swift */; };
		05436ACB2423EA3000B9D811 /* MyLibrary1Cell1.xib in Resources */ = {isa = PBXBuildFile; fileRef = 05436AC92423EA3000B9D811 /* MyLibrary1Cell1.xib */; };
		05436ACE2423EA4100B9D811 /* MyLibrary1Cell2.swift in Sources */ = {isa = PBXBuildFile; fileRef = 05436ACC2423EA4100B9D811 /* MyLibrary1Cell2.swift */; };
		05436ACF2423EA4100B9D811 /* MyLibrary1Cell2.xib in Resources */ = {isa = PBXBuildFile; fileRef = 05436ACD2423EA4100B9D811 /* MyLibrary1Cell2.xib */; };
		055FCFAE2424889B00EB158C /* Genres1Cell.swift in Sources */ = {isa = PBXBuildFile; fileRef = 055FCFAC2424889B00EB158C /* Genres1Cell.swift */; };
		055FCFAF2424889B00EB158C /* Genres1Cell.xib in Resources */ = {isa = PBXBuildFile; fileRef = 055FCFAD2424889B00EB158C /* Genres1Cell.xib */; };
		055FCFBC24248CDB00EB158C /* FeaturedBooks1View.swift in Sources */ = {isa = PBXBuildFile; fileRef = 055FCFBA24248CDB00EB158C /* FeaturedBooks1View.swift */; };
		055FCFBD24248CDB00EB158C /* FeaturedBooks1View.xib in Resources */ = {isa = PBXBuildFile; fileRef = 055FCFBB24248CDB00EB158C /* FeaturedBooks1View.xib */; };
		055FCFC024248F1A00EB158C /* FeaturedBooks1Cell1.swift in Sources */ = {isa = PBXBuildFile; fileRef = 055FCFBE24248F1A00EB158C /* FeaturedBooks1Cell1.swift */; };
		055FCFC124248F1A00EB158C /* FeaturedBooks1Cell1.xib in Resources */ = {isa = PBXBuildFile; fileRef = 055FCFBF24248F1A00EB158C /* FeaturedBooks1Cell1.xib */; };
		055FCFC424248F2900EB158C /* FeaturedBooks1Cell2.swift in Sources */ = {isa = PBXBuildFile; fileRef = 055FCFC224248F2900EB158C /* FeaturedBooks1Cell2.swift */; };
		055FCFC524248F2900EB158C /* FeaturedBooks1Cell2.xib in Resources */ = {isa = PBXBuildFile; fileRef = 055FCFC324248F2900EB158C /* FeaturedBooks1Cell2.xib */; };
		05686762242104F200680C50 /* Topics1View.swift in Sources */ = {isa = PBXBuildFile; fileRef = 05686760242104F200680C50 /* Topics1View.swift */; };
		05686763242104F200680C50 /* Topics1View.xib in Resources */ = {isa = PBXBuildFile; fileRef = 05686761242104F200680C50 /* Topics1View.xib */; };
		056867662421071F00680C50 /* Topics1Cell.swift in Sources */ = {isa = PBXBuildFile; fileRef = 056867642421071F00680C50 /* Topics1Cell.swift */; };
		056867672421071F00680C50 /* Topics1Cell.xib in Resources */ = {isa = PBXBuildFile; fileRef = 056867652421071F00680C50 /* Topics1Cell.xib */; };
		0568676924210C5E00680C50 /* Topics1Layout.swift in Sources */ = {isa = PBXBuildFile; fileRef = 0568676824210C5E00680C50 /* Topics1Layout.swift */; };
		05762C692423250C00960AA5 /* Comments1View.swift in Sources */ = {isa = PBXBuildFile; fileRef = 05762C672423250C00960AA5 /* Comments1View.swift */; };
		05762C6A2423250C00960AA5 /* Comments1View.xib in Resources */ = {isa = PBXBuildFile; fileRef = 05762C682423250C00960AA5 /* Comments1View.xib */; };
		05762C6D242327EC00960AA5 /* Comments1Cell1.swift in Sources */ = {isa = PBXBuildFile; fileRef = 05762C6B242327EC00960AA5 /* Comments1Cell1.swift */; };
		05762C6E242327EC00960AA5 /* Comments1Cell1.xib in Resources */ = {isa = PBXBuildFile; fileRef = 05762C6C242327EC00960AA5 /* Comments1Cell1.xib */; };
		0582D9C82423B75C00F21F15 /* Books1View.swift in Sources */ = {isa = PBXBuildFile; fileRef = 0582D9C62423B75C00F21F15 /* Books1View.swift */; };
		0582D9C92423B75C00F21F15 /* Books1View.xib in Resources */ = {isa = PBXBuildFile; fileRef = 0582D9C72423B75C00F21F15 /* Books1View.xib */; };
		0582D9CC2423B91800F21F15 /* Books1Cell.swift in Sources */ = {isa = PBXBuildFile; fileRef = 0582D9CA2423B91800F21F15 /* Books1Cell.swift */; };
		0582D9CD2423B91800F21F15 /* Books1Cell.xib in Resources */ = {isa = PBXBuildFile; fileRef = 0582D9CB2423B91800F21F15 /* Books1Cell.xib */; };
		058742452423834A00039911 /* Comments1Cell2.swift in Sources */ = {isa = PBXBuildFile; fileRef = 0587423F24237B6A00039911 /* Comments1Cell2.swift */; };
		058742462423834A00039911 /* Comments1Cell2.xib in Resources */ = {isa = PBXBuildFile; fileRef = 0587424024237B6A00039911 /* Comments1Cell2.xib */; };
		058742532423ADBB00039911 /* AddComment1View.swift in Sources */ = {isa = PBXBuildFile; fileRef = 058742512423ADBB00039911 /* AddComment1View.swift */; };
		058742542423ADBB00039911 /* AddComment1View.xib in Resources */ = {isa = PBXBuildFile; fileRef = 058742522423ADBB00039911 /* AddComment1View.xib */; };
		0587425D2423B2BF00039911 /* BookPageView.swift in Sources */ = {isa = PBXBuildFile; fileRef = 0587425B2423B2BF00039911 /* BookPageView.swift */; };
		0587425E2423B2BF00039911 /* BookPageView.xib in Resources */ = {isa = PBXBuildFile; fileRef = 0587425C2423B2BF00039911 /* BookPageView.xib */; };
		058A904E24227C550011C14F /* TextOptions1Cell1.swift in Sources */ = {isa = PBXBuildFile; fileRef = 058A904C24227C550011C14F /* TextOptions1Cell1.swift */; };
		058A904F24227C550011C14F /* TextOptions1Cell1.xib in Resources */ = {isa = PBXBuildFile; fileRef = 058A904D24227C550011C14F /* TextOptions1Cell1.xib */; };
		058A905224227C660011C14F /* TextOptions1Cell2.swift in Sources */ = {isa = PBXBuildFile; fileRef = 058A905024227C660011C14F /* TextOptions1Cell2.swift */; };
		058A905324227C660011C14F /* TextOptions1Cell2.xib in Resources */ = {isa = PBXBuildFile; fileRef = 058A905124227C660011C14F /* TextOptions1Cell2.xib */; };
		058A906824229E6E0011C14F /* TextEditView.swift in Sources */ = {isa = PBXBuildFile; fileRef = 058A906624229E6E0011C14F /* TextEditView.swift */; };
		058A906924229E6E0011C14F /* TextEditView.xib in Resources */ = {isa = PBXBuildFile; fileRef = 058A906724229E6E0011C14F /* TextEditView.xib */; };
		058AF94A241F8F1C00F9FD53 /* Home1Cell1.swift in Sources */ = {isa = PBXBuildFile; fileRef = 058AF948241F8F1C00F9FD53 /* Home1Cell1.swift */; };
		058AF94B241F8F1C00F9FD53 /* Home1Cell1.xib in Resources */ = {isa = PBXBuildFile; fileRef = 058AF949241F8F1C00F9FD53 /* Home1Cell1.xib */; };
		058AF94E241F8F2C00F9FD53 /* Home1Cell2.swift in Sources */ = {isa = PBXBuildFile; fileRef = 058AF94C241F8F2C00F9FD53 /* Home1Cell2.swift */; };
		058AF94F241F8F2C00F9FD53 /* Home1Cell2.xib in Resources */ = {isa = PBXBuildFile; fileRef = 058AF94D241F8F2C00F9FD53 /* Home1Cell2.xib */; };
		059A2A6424247CA500903B5D /* CollectionsView.swift in Sources */ = {isa = PBXBuildFile; fileRef = 059A2A6224247CA500903B5D /* CollectionsView.swift */; };
		059A2A6524247CA500903B5D /* CollectionsView.xib in Resources */ = {isa = PBXBuildFile; fileRef = 059A2A6324247CA500903B5D /* CollectionsView.xib */; };
		059A2A6824247D5200903B5D /* CollectionsCell.swift in Sources */ = {isa = PBXBuildFile; fileRef = 059A2A6624247D5200903B5D /* CollectionsCell.swift */; };
		059A2A6924247D5200903B5D /* CollectionsCell.xib in Resources */ = {isa = PBXBuildFile; fileRef = 059A2A6724247D5200903B5D /* CollectionsCell.xib */; };
		05A22DED2424873900AF4CFA /* Genres1View.swift in Sources */ = {isa = PBXBuildFile; fileRef = 05A22DEB2424873900AF4CFA /* Genres1View.swift */; };
		05A22DEE2424873900AF4CFA /* Genres1View.xib in Resources */ = {isa = PBXBuildFile; fileRef = 05A22DEC2424873900AF4CFA /* Genres1View.xib */; };
		05D5FB7D2424C7CF00D08281 /* AuthorsList1View.swift in Sources */ = {isa = PBXBuildFile; fileRef = 05D5FB7B2424C7CF00D08281 /* AuthorsList1View.swift */; };
		05D5FB7E2424C7CF00D08281 /* AuthorsList1View.xib in Resources */ = {isa = PBXBuildFile; fileRef = 05D5FB7C2424C7CF00D08281 /* AuthorsList1View.xib */; };
		05D5FB812424C8F900D08281 /* AuthorsList1Cell.swift in Sources */ = {isa = PBXBuildFile; fileRef = 05D5FB7F2424C8F900D08281 /* AuthorsList1Cell.swift */; };
		05D5FB822424C8F900D08281 /* AuthorsList1Cell.xib in Resources */ = {isa = PBXBuildFile; fileRef = 05D5FB802424C8F900D08281 /* AuthorsList1Cell.xib */; };
		05D5FB932424D99300D08281 /* Author1View.swift in Sources */ = {isa = PBXBuildFile; fileRef = 05D5FB912424D99300D08281 /* Author1View.swift */; };
		05D5FB942424D99300D08281 /* Author1View.xib in Resources */ = {isa = PBXBuildFile; fileRef = 05D5FB922424D99300D08281 /* Author1View.xib */; };
		05D5FB972424DFF500D08281 /* Author1Cell.swift in Sources */ = {isa = PBXBuildFile; fileRef = 05D5FB952424DFF500D08281 /* Author1Cell.swift */; };
		05D5FB982424DFF500D08281 /* Author1Cell.xib in Resources */ = {isa = PBXBuildFile; fileRef = 05D5FB962424DFF500D08281 /* Author1Cell.xib */; };
		05F4D056241FB3B4005DD11D /* Top1View.swift in Sources */ = {isa = PBXBuildFile; fileRef = 05F4D054241FB3B4005DD11D /* Top1View.swift */; };
		05F4D057241FB3B4005DD11D /* Top1View.xib in Resources */ = {isa = PBXBuildFile; fileRef = 05F4D055241FB3B4005DD11D /* Top1View.xib */; };
		05F4D05A241FB4C4005DD11D /* Top1Cell.swift in Sources */ = {isa = PBXBuildFile; fileRef = 05F4D058241FB4C4005DD11D /* Top1Cell.swift */; };
		05F4D05B241FB4C4005DD11D /* Top1Cell.xib in Resources */ = {isa = PBXBuildFile; fileRef = 05F4D059241FB4C4005DD11D /* Top1Cell.xib */; };
		05FE013424208C5100ED987F /* Categories1View.swift in Sources */ = {isa = PBXBuildFile; fileRef = 05FE013224208C5100ED987F /* Categories1View.swift */; };
		05FE013524208C5100ED987F /* Categories1View.xib in Resources */ = {isa = PBXBuildFile; fileRef = 05FE013324208C5100ED987F /* Categories1View.xib */; };
		05FE01612420A3E600ED987F /* Posts1View.swift in Sources */ = {isa = PBXBuildFile; fileRef = 05FE015F2420A3E600ED987F /* Posts1View.swift */; };
		05FE01622420A3E600ED987F /* Posts1View.xib in Resources */ = {isa = PBXBuildFile; fileRef = 05FE01602420A3E600ED987F /* Posts1View.xib */; };
		05FE01652420A52600ED987F /* Posts1Cell.swift in Sources */ = {isa = PBXBuildFile; fileRef = 05FE01632420A52600ED987F /* Posts1Cell.swift */; };
		05FE01662420A52600ED987F /* Posts1Cell.xib in Resources */ = {isa = PBXBuildFile; fileRef = 05FE01642420A52600ED987F /* Posts1Cell.xib */; };
		05FE01772420C87700ED987F /* Posts3View.swift in Sources */ = {isa = PBXBuildFile; fileRef = 05FE01752420C87700ED987F /* Posts3View.swift */; };
		05FE01782420C87700ED987F /* Posts3View.xib in Resources */ = {isa = PBXBuildFile; fileRef = 05FE01762420C87700ED987F /* Posts3View.xib */; };
		05FE017B2420CCA700ED987F /* Posts3Cell1.swift in Sources */ = {isa = PBXBuildFile; fileRef = 05FE01792420CCA700ED987F /* Posts3Cell1.swift */; };
		05FE017C2420CCA700ED987F /* Posts3Cell1.xib in Resources */ = {isa = PBXBuildFile; fileRef = 05FE017A2420CCA700ED987F /* Posts3Cell1.xib */; };
		05FE017F2420CCB300ED987F /* Posts3Cell2.swift in Sources */ = {isa = PBXBuildFile; fileRef = 05FE017D2420CCB300ED987F /* Posts3Cell2.swift */; };
		05FE01802420CCB300ED987F /* Posts3Cell2.xib in Resources */ = {isa = PBXBuildFile; fileRef = 05FE017E2420CCB300ED987F /* Posts3Cell2.xib */; };
		2907ECF323F2F51100DC5238 /* BaseView.xib in Resources */ = {isa = PBXBuildFile; fileRef = 2907ECF123F2F51100DC5238 /* BaseView.xib */; };
		2907ECF423F2F51100DC5238 /* BaseView.swift in Sources */ = {isa = PBXBuildFile; fileRef = 2907ECF223F2F51100DC5238 /* BaseView.swift */; };
		2993427A240AF30D006F6B4E /* AppColor.swift in Sources */ = {isa = PBXBuildFile; fileRef = 29934278240AF30D006F6B4E /* AppColor.swift */; };
		29D29EF91D9A59E4006CA074 /* AppDelegate.swift in Sources */ = {isa = PBXBuildFile; fileRef = 29D29EF81D9A59E4006CA074 /* AppDelegate.swift */; };
		29D29F011D9A59E4006CA074 /* Assets.xcassets in Resources */ = {isa = PBXBuildFile; fileRef = 29D29F001D9A59E4006CA074 /* Assets.xcassets */; };
		29D29F041D9A59E4006CA074 /* LaunchScreen.storyboard in Resources */ = {isa = PBXBuildFile; fileRef = 29D29F021D9A59E4006CA074 /* LaunchScreen.storyboard */; };
		29F8D83523F30FFF00DC6EAB /* NavController.swift in Sources */ = {isa = PBXBuildFile; fileRef = 29F8D83323F30FFF00DC6EAB /* NavController.swift */; };
		52220FF32441D9F600EF6770 /* UITextField+Extension.swift in Sources */ = {isa = PBXBuildFile; fileRef = 52220FF02441D9F600EF6770 /* UITextField+Extension.swift */; };
		52220FF42441D9F600EF6770 /* UIImageView+Extension.swift in Sources */ = {isa = PBXBuildFile; fileRef = 52220FF12441D9F600EF6770 /* UIImageView+Extension.swift */; };
		52220FF52441D9F600EF6770 /* UIView+Extension.swift in Sources */ = {isa = PBXBuildFile; fileRef = 52220FF22441D9F600EF6770 /* UIView+Extension.swift */; };
		522210012441DB9600EF6770 /* Login1View.swift in Sources */ = {isa = PBXBuildFile; fileRef = 52220FF72441DB9600EF6770 /* Login1View.swift */; };
		522210022441DB9600EF6770 /* Login1View.xib in Resources */ = {isa = PBXBuildFile; fileRef = 52220FF82441DB9600EF6770 /* Login1View.xib */; };
		522210032441DB9600EF6770 /* SignUp2View.swift in Sources */ = {isa = PBXBuildFile; fileRef = 52220FFA2441DB9600EF6770 /* SignUp2View.swift */; };
		522210042441DB9600EF6770 /* SignUp2View.xib in Resources */ = {isa = PBXBuildFile; fileRef = 52220FFB2441DB9600EF6770 /* SignUp2View.xib */; };
		522210052441DB9600EF6770 /* Walkthrough4Cell.swift in Sources */ = {isa = PBXBuildFile; fileRef = 52220FFD2441DB9600EF6770 /* Walkthrough4Cell.swift */; };
		522210062441DB9600EF6770 /* Walkthrough4Cell.xib in Resources */ = {isa = PBXBuildFile; fileRef = 52220FFE2441DB9600EF6770 /* Walkthrough4Cell.xib */; };
		522210072441DB9600EF6770 /* Walkthrough4View.swift in Sources */ = {isa = PBXBuildFile; fileRef = 52220FFF2441DB9600EF6770 /* Walkthrough4View.swift */; };
		522210082441DB9600EF6770 /* Walkthrough4View.xib in Resources */ = {isa = PBXBuildFile; fileRef = 522210002441DB9600EF6770 /* Walkthrough4View.xib */; };
		D85EDF680B1556F31B4E2815 /* Pods_app.framework in Frameworks */ = {isa = PBXBuildFile; fileRef = 0FC0A38E2388E7C83ED82AE0 /* Pods_app.framework */; };
/* End PBXBuildFile section */

/* Begin PBXFileReference section */
		05304F382420EA5C009662BA /* Posts8View.swift */ = {isa = PBXFileReference; lastKnownFileType = sourcecode.swift; path = Posts8View.swift; sourceTree = "<group>"; };
		05304F392420EA5C009662BA /* Posts8View.xib */ = {isa = PBXFileReference; lastKnownFileType = file.xib; path = Posts8View.xib; sourceTree = "<group>"; };
		05304F3C2420EF62009662BA /* Posts8Cell.swift */ = {isa = PBXFileReference; lastKnownFileType = sourcecode.swift; path = Posts8Cell.swift; sourceTree = "<group>"; };
		05304F3D2420EF62009662BA /* Posts8Cell.xib */ = {isa = PBXFileReference; lastKnownFileType = file.xib; path = Posts8Cell.xib; sourceTree = "<group>"; };
		053A26B92422391700499748 /* Profile1Cell.swift */ = {isa = PBXFileReference; lastKnownFileType = sourcecode.swift; path = Profile1Cell.swift; sourceTree = "<group>"; };
		053A26BA2422391700499748 /* Profile1Cell.xib */ = {isa = PBXFileReference; lastKnownFileType = file.xib; path = Profile1Cell.xib; sourceTree = "<group>"; };
		053A26BD24223C0800499748 /* Profile1View.swift */ = {isa = PBXFileReference; lastKnownFileType = sourcecode.swift; path = Profile1View.swift; sourceTree = "<group>"; };
		053A26BE24223C0800499748 /* Profile1View.xib */ = {isa = PBXFileReference; lastKnownFileType = file.xib; path = Profile1View.xib; sourceTree = "<group>"; };
		053A26D42422506A00499748 /* Article1View.swift */ = {isa = PBXFileReference; lastKnownFileType = sourcecode.swift; path = Article1View.swift; sourceTree = "<group>"; };
		053A26D52422506A00499748 /* Article1View.xib */ = {isa = PBXFileReference; lastKnownFileType = file.xib; path = Article1View.xib; sourceTree = "<group>"; };
		053A26E32422678700499748 /* TextOptions1View.swift */ = {isa = PBXFileReference; lastKnownFileType = sourcecode.swift; path = TextOptions1View.swift; sourceTree = "<group>"; };
		053A26E42422678700499748 /* TextOptions1View.xib */ = {isa = PBXFileReference; lastKnownFileType = file.xib; path = TextOptions1View.xib; sourceTree = "<group>"; };
		053B24E92421F43A004C7656 /* Search1View.swift */ = {isa = PBXFileReference; lastKnownFileType = sourcecode.swift; path = Search1View.swift; sourceTree = "<group>"; };
		053B24EA2421F43A004C7656 /* Search1View.xib */ = {isa = PBXFileReference; lastKnownFileType = file.xib; path = Search1View.xib; sourceTree = "<group>"; };
		053B24FD2421F610004C7656 /* Notifications1View.swift */ = {isa = PBXFileReference; fileEncoding = 4; lastKnownFileType = sourcecode.swift; path = Notifications1View.swift; sourceTree = "<group>"; };
		053B24FE2421F610004C7656 /* Notifications1View.xib */ = {isa = PBXFileReference; fileEncoding = 4; lastKnownFileType = file.xib; path = Notifications1View.xib; sourceTree = "<group>"; };
		053B250B2421FB41004C7656 /* Search1Cell.swift */ = {isa = PBXFileReference; lastKnownFileType = sourcecode.swift; path = Search1Cell.swift; sourceTree = "<group>"; };
		053B250C2421FB41004C7656 /* Search1Cell.xib */ = {isa = PBXFileReference; lastKnownFileType = file.xib; path = Search1Cell.xib; sourceTree = "<group>"; };
		053B251924221958004C7656 /* Bookmarks1View.swift */ = {isa = PBXFileReference; lastKnownFileType = sourcecode.swift; path = Bookmarks1View.swift; sourceTree = "<group>"; };
		053B251A24221958004C7656 /* Bookmarks1View.xib */ = {isa = PBXFileReference; lastKnownFileType = file.xib; path = Bookmarks1View.xib; sourceTree = "<group>"; };
		053B251D24221CAC004C7656 /* Bookmarks1Cell1.swift */ = {isa = PBXFileReference; lastKnownFileType = sourcecode.swift; path = Bookmarks1Cell1.swift; sourceTree = "<group>"; };
		053B251E24221CAC004C7656 /* Bookmarks1Cell1.xib */ = {isa = PBXFileReference; lastKnownFileType = file.xib; path = Bookmarks1Cell1.xib; sourceTree = "<group>"; };
		053B252124221CCD004C7656 /* Bookmarks1Cell2.swift */ = {isa = PBXFileReference; lastKnownFileType = sourcecode.swift; path = Bookmarks1Cell2.swift; sourceTree = "<group>"; };
		053B252224221CCD004C7656 /* Bookmarks1Cell2.xib */ = {isa = PBXFileReference; lastKnownFileType = file.xib; path = Bookmarks1Cell2.xib; sourceTree = "<group>"; };
		053B25302422249F004C7656 /* SettingsView.swift */ = {isa = PBXFileReference; lastKnownFileType = sourcecode.swift; path = SettingsView.swift; sourceTree = "<group>"; };
		053B25312422249F004C7656 /* SettingsView.xib */ = {isa = PBXFileReference; lastKnownFileType = file.xib; path = SettingsView.xib; sourceTree = "<group>"; };
		053B2535242229AB004C7656 /* EditProfileView.swift */ = {isa = PBXFileReference; lastKnownFileType = sourcecode.swift; path = EditProfileView.swift; sourceTree = "<group>"; };
		053B2536242229AB004C7656 /* EditProfileView.xib */ = {isa = PBXFileReference; lastKnownFileType = file.xib; path = EditProfileView.xib; sourceTree = "<group>"; };
		05412508241F8B0100DCC466 /* Home1View.swift */ = {isa = PBXFileReference; lastKnownFileType = sourcecode.swift; path = Home1View.swift; sourceTree = "<group>"; };
		05412509241F8B0100DCC466 /* Home1View.xib */ = {isa = PBXFileReference; lastKnownFileType = file.xib; path = Home1View.xib; sourceTree = "<group>"; };
		05436ABB2423D39500B9D811 /* Book1View.swift */ = {isa = PBXFileReference; lastKnownFileType = sourcecode.swift; path = Book1View.swift; sourceTree = "<group>"; };
		05436ABC2423D39500B9D811 /* Book1View.xib */ = {isa = PBXFileReference; lastKnownFileType = file.xib; path = Book1View.xib; sourceTree = "<group>"; };
		05436AC42423E32200B9D811 /* MyLibrary1View.swift */ = {isa = PBXFileReference; lastKnownFileType = sourcecode.swift; path = MyLibrary1View.swift; sourceTree = "<group>"; };
		05436AC52423E32200B9D811 /* MyLibrary1View.xib */ = {isa = PBXFileReference; lastKnownFileType = file.xib; path = MyLibrary1View.xib; sourceTree = "<group>"; };
		05436AC82423EA3000B9D811 /* MyLibrary1Cell1.swift */ = {isa = PBXFileReference; lastKnownFileType = sourcecode.swift; path = MyLibrary1Cell1.swift; sourceTree = "<group>"; };
		05436AC92423EA3000B9D811 /* MyLibrary1Cell1.xib */ = {isa = PBXFileReference; lastKnownFileType = file.xib; path = MyLibrary1Cell1.xib; sourceTree = "<group>"; };
		05436ACC2423EA4100B9D811 /* MyLibrary1Cell2.swift */ = {isa = PBXFileReference; lastKnownFileType = sourcecode.swift; path = MyLibrary1Cell2.swift; sourceTree = "<group>"; };
		05436ACD2423EA4100B9D811 /* MyLibrary1Cell2.xib */ = {isa = PBXFileReference; lastKnownFileType = file.xib; path = MyLibrary1Cell2.xib; sourceTree = "<group>"; };
		055FCFAC2424889B00EB158C /* Genres1Cell.swift */ = {isa = PBXFileReference; lastKnownFileType = sourcecode.swift; path = Genres1Cell.swift; sourceTree = "<group>"; };
		055FCFAD2424889B00EB158C /* Genres1Cell.xib */ = {isa = PBXFileReference; lastKnownFileType = file.xib; path = Genres1Cell.xib; sourceTree = "<group>"; };
		055FCFBA24248CDB00EB158C /* FeaturedBooks1View.swift */ = {isa = PBXFileReference; lastKnownFileType = sourcecode.swift; path = FeaturedBooks1View.swift; sourceTree = "<group>"; };
		055FCFBB24248CDB00EB158C /* FeaturedBooks1View.xib */ = {isa = PBXFileReference; lastKnownFileType = file.xib; path = FeaturedBooks1View.xib; sourceTree = "<group>"; };
		055FCFBE24248F1A00EB158C /* FeaturedBooks1Cell1.swift */ = {isa = PBXFileReference; lastKnownFileType = sourcecode.swift; path = FeaturedBooks1Cell1.swift; sourceTree = "<group>"; };
		055FCFBF24248F1A00EB158C /* FeaturedBooks1Cell1.xib */ = {isa = PBXFileReference; lastKnownFileType = file.xib; path = FeaturedBooks1Cell1.xib; sourceTree = "<group>"; };
		055FCFC224248F2900EB158C /* FeaturedBooks1Cell2.swift */ = {isa = PBXFileReference; lastKnownFileType = sourcecode.swift; path = FeaturedBooks1Cell2.swift; sourceTree = "<group>"; };
		055FCFC324248F2900EB158C /* FeaturedBooks1Cell2.xib */ = {isa = PBXFileReference; lastKnownFileType = file.xib; path = FeaturedBooks1Cell2.xib; sourceTree = "<group>"; };
		05686760242104F200680C50 /* Topics1View.swift */ = {isa = PBXFileReference; lastKnownFileType = sourcecode.swift; path = Topics1View.swift; sourceTree = "<group>"; };
		05686761242104F200680C50 /* Topics1View.xib */ = {isa = PBXFileReference; lastKnownFileType = file.xib; path = Topics1View.xib; sourceTree = "<group>"; };
		056867642421071F00680C50 /* Topics1Cell.swift */ = {isa = PBXFileReference; lastKnownFileType = sourcecode.swift; path = Topics1Cell.swift; sourceTree = "<group>"; };
		056867652421071F00680C50 /* Topics1Cell.xib */ = {isa = PBXFileReference; lastKnownFileType = file.xib; path = Topics1Cell.xib; sourceTree = "<group>"; };
		0568676824210C5E00680C50 /* Topics1Layout.swift */ = {isa = PBXFileReference; lastKnownFileType = sourcecode.swift; path = Topics1Layout.swift; sourceTree = "<group>"; };
		05762C672423250C00960AA5 /* Comments1View.swift */ = {isa = PBXFileReference; lastKnownFileType = sourcecode.swift; path = Comments1View.swift; sourceTree = "<group>"; };
		05762C682423250C00960AA5 /* Comments1View.xib */ = {isa = PBXFileReference; lastKnownFileType = file.xib; path = Comments1View.xib; sourceTree = "<group>"; };
		05762C6B242327EC00960AA5 /* Comments1Cell1.swift */ = {isa = PBXFileReference; lastKnownFileType = sourcecode.swift; path = Comments1Cell1.swift; sourceTree = "<group>"; };
		05762C6C242327EC00960AA5 /* Comments1Cell1.xib */ = {isa = PBXFileReference; lastKnownFileType = file.xib; path = Comments1Cell1.xib; sourceTree = "<group>"; };
		0582D9C62423B75C00F21F15 /* Books1View.swift */ = {isa = PBXFileReference; lastKnownFileType = sourcecode.swift; path = Books1View.swift; sourceTree = "<group>"; };
		0582D9C72423B75C00F21F15 /* Books1View.xib */ = {isa = PBXFileReference; lastKnownFileType = file.xib; path = Books1View.xib; sourceTree = "<group>"; };
		0582D9CA2423B91800F21F15 /* Books1Cell.swift */ = {isa = PBXFileReference; lastKnownFileType = sourcecode.swift; path = Books1Cell.swift; sourceTree = "<group>"; };
		0582D9CB2423B91800F21F15 /* Books1Cell.xib */ = {isa = PBXFileReference; lastKnownFileType = file.xib; path = Books1Cell.xib; sourceTree = "<group>"; };
		0587423F24237B6A00039911 /* Comments1Cell2.swift */ = {isa = PBXFileReference; lastKnownFileType = sourcecode.swift; path = Comments1Cell2.swift; sourceTree = "<group>"; };
		0587424024237B6A00039911 /* Comments1Cell2.xib */ = {isa = PBXFileReference; lastKnownFileType = file.xib; path = Comments1Cell2.xib; sourceTree = "<group>"; };
		058742512423ADBB00039911 /* AddComment1View.swift */ = {isa = PBXFileReference; lastKnownFileType = sourcecode.swift; path = AddComment1View.swift; sourceTree = "<group>"; };
		058742522423ADBB00039911 /* AddComment1View.xib */ = {isa = PBXFileReference; lastKnownFileType = file.xib; path = AddComment1View.xib; sourceTree = "<group>"; };
		0587425B2423B2BF00039911 /* BookPageView.swift */ = {isa = PBXFileReference; lastKnownFileType = sourcecode.swift; path = BookPageView.swift; sourceTree = "<group>"; };
		0587425C2423B2BF00039911 /* BookPageView.xib */ = {isa = PBXFileReference; lastKnownFileType = file.xib; path = BookPageView.xib; sourceTree = "<group>"; };
		058A904C24227C550011C14F /* TextOptions1Cell1.swift */ = {isa = PBXFileReference; lastKnownFileType = sourcecode.swift; path = TextOptions1Cell1.swift; sourceTree = "<group>"; };
		058A904D24227C550011C14F /* TextOptions1Cell1.xib */ = {isa = PBXFileReference; lastKnownFileType = file.xib; path = TextOptions1Cell1.xib; sourceTree = "<group>"; };
		058A905024227C660011C14F /* TextOptions1Cell2.swift */ = {isa = PBXFileReference; lastKnownFileType = sourcecode.swift; path = TextOptions1Cell2.swift; sourceTree = "<group>"; };
		058A905124227C660011C14F /* TextOptions1Cell2.xib */ = {isa = PBXFileReference; lastKnownFileType = file.xib; path = TextOptions1Cell2.xib; sourceTree = "<group>"; };
		058A906624229E6E0011C14F /* TextEditView.swift */ = {isa = PBXFileReference; lastKnownFileType = sourcecode.swift; path = TextEditView.swift; sourceTree = "<group>"; };
		058A906724229E6E0011C14F /* TextEditView.xib */ = {isa = PBXFileReference; lastKnownFileType = file.xib; path = TextEditView.xib; sourceTree = "<group>"; };
		058AF948241F8F1C00F9FD53 /* Home1Cell1.swift */ = {isa = PBXFileReference; lastKnownFileType = sourcecode.swift; path = Home1Cell1.swift; sourceTree = "<group>"; };
		058AF949241F8F1C00F9FD53 /* Home1Cell1.xib */ = {isa = PBXFileReference; lastKnownFileType = file.xib; path = Home1Cell1.xib; sourceTree = "<group>"; };
		058AF94C241F8F2C00F9FD53 /* Home1Cell2.swift */ = {isa = PBXFileReference; lastKnownFileType = sourcecode.swift; path = Home1Cell2.swift; sourceTree = "<group>"; };
		058AF94D241F8F2C00F9FD53 /* Home1Cell2.xib */ = {isa = PBXFileReference; lastKnownFileType = file.xib; path = Home1Cell2.xib; sourceTree = "<group>"; };
		059A2A6224247CA500903B5D /* CollectionsView.swift */ = {isa = PBXFileReference; lastKnownFileType = sourcecode.swift; path = CollectionsView.swift; sourceTree = "<group>"; };
		059A2A6324247CA500903B5D /* CollectionsView.xib */ = {isa = PBXFileReference; lastKnownFileType = file.xib; path = CollectionsView.xib; sourceTree = "<group>"; };
		059A2A6624247D5200903B5D /* CollectionsCell.swift */ = {isa = PBXFileReference; lastKnownFileType = sourcecode.swift; path = CollectionsCell.swift; sourceTree = "<group>"; };
		059A2A6724247D5200903B5D /* CollectionsCell.xib */ = {isa = PBXFileReference; lastKnownFileType = file.xib; path = CollectionsCell.xib; sourceTree = "<group>"; };
		05A22DEB2424873900AF4CFA /* Genres1View.swift */ = {isa = PBXFileReference; lastKnownFileType = sourcecode.swift; path = Genres1View.swift; sourceTree = "<group>"; };
		05A22DEC2424873900AF4CFA /* Genres1View.xib */ = {isa = PBXFileReference; lastKnownFileType = file.xib; path = Genres1View.xib; sourceTree = "<group>"; };
		05D5FB7B2424C7CF00D08281 /* AuthorsList1View.swift */ = {isa = PBXFileReference; lastKnownFileType = sourcecode.swift; path = AuthorsList1View.swift; sourceTree = "<group>"; };
		05D5FB7C2424C7CF00D08281 /* AuthorsList1View.xib */ = {isa = PBXFileReference; lastKnownFileType = file.xib; path = AuthorsList1View.xib; sourceTree = "<group>"; };
		05D5FB7F2424C8F900D08281 /* AuthorsList1Cell.swift */ = {isa = PBXFileReference; lastKnownFileType = sourcecode.swift; path = AuthorsList1Cell.swift; sourceTree = "<group>"; };
		05D5FB802424C8F900D08281 /* AuthorsList1Cell.xib */ = {isa = PBXFileReference; lastKnownFileType = file.xib; path = AuthorsList1Cell.xib; sourceTree = "<group>"; };
		05D5FB912424D99300D08281 /* Author1View.swift */ = {isa = PBXFileReference; lastKnownFileType = sourcecode.swift; path = Author1View.swift; sourceTree = "<group>"; };
		05D5FB922424D99300D08281 /* Author1View.xib */ = {isa = PBXFileReference; lastKnownFileType = file.xib; path = Author1View.xib; sourceTree = "<group>"; };
		05D5FB952424DFF500D08281 /* Author1Cell.swift */ = {isa = PBXFileReference; lastKnownFileType = sourcecode.swift; path = Author1Cell.swift; sourceTree = "<group>"; };
		05D5FB962424DFF500D08281 /* Author1Cell.xib */ = {isa = PBXFileReference; lastKnownFileType = file.xib; path = Author1Cell.xib; sourceTree = "<group>"; };
		05F4D054241FB3B4005DD11D /* Top1View.swift */ = {isa = PBXFileReference; lastKnownFileType = sourcecode.swift; path = Top1View.swift; sourceTree = "<group>"; };
		05F4D055241FB3B4005DD11D /* Top1View.xib */ = {isa = PBXFileReference; lastKnownFileType = file.xib; path = Top1View.xib; sourceTree = "<group>"; };
		05F4D058241FB4C4005DD11D /* Top1Cell.swift */ = {isa = PBXFileReference; lastKnownFileType = sourcecode.swift; path = Top1Cell.swift; sourceTree = "<group>"; };
		05F4D059241FB4C4005DD11D /* Top1Cell.xib */ = {isa = PBXFileReference; lastKnownFileType = file.xib; path = Top1Cell.xib; sourceTree = "<group>"; };
		05FE013224208C5100ED987F /* Categories1View.swift */ = {isa = PBXFileReference; lastKnownFileType = sourcecode.swift; path = Categories1View.swift; sourceTree = "<group>"; };
		05FE013324208C5100ED987F /* Categories1View.xib */ = {isa = PBXFileReference; lastKnownFileType = file.xib; path = Categories1View.xib; sourceTree = "<group>"; };
		05FE015F2420A3E600ED987F /* Posts1View.swift */ = {isa = PBXFileReference; lastKnownFileType = sourcecode.swift; path = Posts1View.swift; sourceTree = "<group>"; };
		05FE01602420A3E600ED987F /* Posts1View.xib */ = {isa = PBXFileReference; lastKnownFileType = file.xib; path = Posts1View.xib; sourceTree = "<group>"; };
		05FE01632420A52600ED987F /* Posts1Cell.swift */ = {isa = PBXFileReference; lastKnownFileType = sourcecode.swift; path = Posts1Cell.swift; sourceTree = "<group>"; };
		05FE01642420A52600ED987F /* Posts1Cell.xib */ = {isa = PBXFileReference; lastKnownFileType = file.xib; path = Posts1Cell.xib; sourceTree = "<group>"; };
		05FE01752420C87700ED987F /* Posts3View.swift */ = {isa = PBXFileReference; lastKnownFileType = sourcecode.swift; path = Posts3View.swift; sourceTree = "<group>"; };
		05FE01762420C87700ED987F /* Posts3View.xib */ = {isa = PBXFileReference; lastKnownFileType = file.xib; path = Posts3View.xib; sourceTree = "<group>"; };
		05FE01792420CCA700ED987F /* Posts3Cell1.swift */ = {isa = PBXFileReference; lastKnownFileType = sourcecode.swift; path = Posts3Cell1.swift; sourceTree = "<group>"; };
		05FE017A2420CCA700ED987F /* Posts3Cell1.xib */ = {isa = PBXFileReference; lastKnownFileType = file.xib; path = Posts3Cell1.xib; sourceTree = "<group>"; };
		05FE017D2420CCB300ED987F /* Posts3Cell2.swift */ = {isa = PBXFileReference; lastKnownFileType = sourcecode.swift; path = Posts3Cell2.swift; sourceTree = "<group>"; };
		05FE017E2420CCB300ED987F /* Posts3Cell2.xib */ = {isa = PBXFileReference; lastKnownFileType = file.xib; path = Posts3Cell2.xib; sourceTree = "<group>"; };
		0FC0A38E2388E7C83ED82AE0 /* Pods_app.framework */ = {isa = PBXFileReference; explicitFileType = wrapper.framework; includeInIndex = 0; path = Pods_app.framework; sourceTree = BUILT_PRODUCTS_DIR; };
		2907ECF123F2F51100DC5238 /* BaseView.xib */ = {isa = PBXFileReference; fileEncoding = 4; lastKnownFileType = file.xib; path = BaseView.xib; sourceTree = "<group>"; };
		2907ECF223F2F51100DC5238 /* BaseView.swift */ = {isa = PBXFileReference; fileEncoding = 4; lastKnownFileType = sourcecode.swift; path = BaseView.swift; sourceTree = "<group>"; };
		295015181D9A5C1B00AFD8B3 /* app.entitlements */ = {isa = PBXFileReference; lastKnownFileType = text.plist.entitlements; path = app.entitlements; sourceTree = "<group>"; };
		29934278240AF30D006F6B4E /* AppColor.swift */ = {isa = PBXFileReference; fileEncoding = 4; lastKnownFileType = sourcecode.swift; path = AppColor.swift; sourceTree = "<group>"; };
		29D29EF11D9A59E4006CA074 /* app.app */ = {isa = PBXFileReference; explicitFileType = wrapper.application; includeInIndex = 0; path = app.app; sourceTree = BUILT_PRODUCTS_DIR; };
		29D29EF81D9A59E4006CA074 /* AppDelegate.swift */ = {isa = PBXFileReference; lastKnownFileType = sourcecode.swift; path = AppDelegate.swift; sourceTree = "<group>"; };
		29D29F001D9A59E4006CA074 /* Assets.xcassets */ = {isa = PBXFileReference; lastKnownFileType = folder.assetcatalog; path = Assets.xcassets; sourceTree = "<group>"; };
		29D29F031D9A59E4006CA074 /* Base */ = {isa = PBXFileReference; lastKnownFileType = file.storyboard; name = Base; path = Base.lproj/LaunchScreen.storyboard; sourceTree = "<group>"; };
		29D29F051D9A59E4006CA074 /* Info.plist */ = {isa = PBXFileReference; lastKnownFileType = text.plist.xml; path = Info.plist; sourceTree = "<group>"; };
		29F8D83323F30FFF00DC6EAB /* NavController.swift */ = {isa = PBXFileReference; fileEncoding = 4; lastKnownFileType = sourcecode.swift; path = NavController.swift; sourceTree = "<group>"; };
		52220FF02441D9F600EF6770 /* UITextField+Extension.swift */ = {isa = PBXFileReference; fileEncoding = 4; lastKnownFileType = sourcecode.swift; path = "UITextField+Extension.swift"; sourceTree = "<group>"; };
		52220FF12441D9F600EF6770 /* UIImageView+Extension.swift */ = {isa = PBXFileReference; fileEncoding = 4; lastKnownFileType = sourcecode.swift; path = "UIImageView+Extension.swift"; sourceTree = "<group>"; };
		52220FF22441D9F600EF6770 /* UIView+Extension.swift */ = {isa = PBXFileReference; fileEncoding = 4; lastKnownFileType = sourcecode.swift; path = "UIView+Extension.swift"; sourceTree = "<group>"; };
		52220FF72441DB9600EF6770 /* Login1View.swift */ = {isa = PBXFileReference; fileEncoding = 4; lastKnownFileType = sourcecode.swift; path = Login1View.swift; sourceTree = "<group>"; };
		52220FF82441DB9600EF6770 /* Login1View.xib */ = {isa = PBXFileReference; fileEncoding = 4; lastKnownFileType = file.xib; path = Login1View.xib; sourceTree = "<group>"; };
		52220FFA2441DB9600EF6770 /* SignUp2View.swift */ = {isa = PBXFileReference; fileEncoding = 4; lastKnownFileType = sourcecode.swift; path = SignUp2View.swift; sourceTree = "<group>"; };
		52220FFB2441DB9600EF6770 /* SignUp2View.xib */ = {isa = PBXFileReference; fileEncoding = 4; lastKnownFileType = file.xib; path = SignUp2View.xib; sourceTree = "<group>"; };
		52220FFD2441DB9600EF6770 /* Walkthrough4Cell.swift */ = {isa = PBXFileReference; fileEncoding = 4; lastKnownFileType = sourcecode.swift; path = Walkthrough4Cell.swift; sourceTree = "<group>"; };
		52220FFE2441DB9600EF6770 /* Walkthrough4Cell.xib */ = {isa = PBXFileReference; fileEncoding = 4; lastKnownFileType = file.xib; path = Walkthrough4Cell.xib; sourceTree = "<group>"; };
		52220FFF2441DB9600EF6770 /* Walkthrough4View.swift */ = {isa = PBXFileReference; fileEncoding = 4; lastKnownFileType = sourcecode.swift; path = Walkthrough4View.swift; sourceTree = "<group>"; };
		522210002441DB9600EF6770 /* Walkthrough4View.xib */ = {isa = PBXFileReference; fileEncoding = 4; lastKnownFileType = file.xib; path = Walkthrough4View.xib; sourceTree = "<group>"; };
		7393A6F3A4D6270AF7ACDCFA /* Pods-app.release.xcconfig */ = {isa = PBXFileReference; includeInIndex = 1; lastKnownFileType = text.xcconfig; name = "Pods-app.release.xcconfig"; path = "Pods/Target Support Files/Pods-app/Pods-app.release.xcconfig"; sourceTree = "<group>"; };
		FC28F63C1114893726170446 /* Pods-app.debug.xcconfig */ = {isa = PBXFileReference; includeInIndex = 1; lastKnownFileType = text.xcconfig; name = "Pods-app.debug.xcconfig"; path = "Pods/Target Support Files/Pods-app/Pods-app.debug.xcconfig"; sourceTree = "<group>"; };
/* End PBXFileReference section */

/* Begin PBXFrameworksBuildPhase section */
		29D29EEE1D9A59E4006CA074 /* Frameworks */ = {
			isa = PBXFrameworksBuildPhase;
			buildActionMask = 2147483647;
			files = (
				D85EDF680B1556F31B4E2815 /* Pods_app.framework in Frameworks */,
			);
			runOnlyForDeploymentPostprocessing = 0;
		};
/* End PBXFrameworksBuildPhase section */

/* Begin PBXGroup section */
		05304F372420EA20009662BA /* 09_Posts8 */ = {
			isa = PBXGroup;
			children = (
				05304F3C2420EF62009662BA /* Posts8Cell.swift */,
				05304F3D2420EF62009662BA /* Posts8Cell.xib */,
				05304F382420EA5C009662BA /* Posts8View.swift */,
				05304F392420EA5C009662BA /* Posts8View.xib */,
			);
			path = 09_Posts8;
			sourceTree = "<group>";
		};
		053A26D32422504D00499748 /* 17_Article1 */ = {
			isa = PBXGroup;
			children = (
				053A26D42422506A00499748 /* Article1View.swift */,
				053A26D52422506A00499748 /* Article1View.xib */,
			);
			path = 17_Article1;
			sourceTree = "<group>";
		};
		053A26E22422676800499748 /* 18_TextOptions1 */ = {
			isa = PBXGroup;
			children = (
				058A904C24227C550011C14F /* TextOptions1Cell1.swift */,
				058A904D24227C550011C14F /* TextOptions1Cell1.xib */,
				058A905024227C660011C14F /* TextOptions1Cell2.swift */,
				058A905124227C660011C14F /* TextOptions1Cell2.xib */,
				053A26E32422678700499748 /* TextOptions1View.swift */,
				053A26E42422678700499748 /* TextOptions1View.xib */,
			);
			path = 18_TextOptions1;
			sourceTree = "<group>";
		};
		053B24E82421F424004C7656 /* 12_Search1 */ = {
			isa = PBXGroup;
			children = (
				053B250B2421FB41004C7656 /* Search1Cell.swift */,
				053B250C2421FB41004C7656 /* Search1Cell.xib */,
				053B24E92421F43A004C7656 /* Search1View.swift */,
				053B24EA2421F43A004C7656 /* Search1View.xib */,
			);
			path = 12_Search1;
			sourceTree = "<group>";
		};
		053B24FC2421F610004C7656 /* 11_Notifications1 */ = {
			isa = PBXGroup;
			children = (
				053B24FD2421F610004C7656 /* Notifications1View.swift */,
				053B24FE2421F610004C7656 /* Notifications1View.xib */,
			);
			path = 11_Notifications1;
			sourceTree = "<group>";
		};
		053B251824220429004C7656 /* 13_Bookmarks1 */ = {
			isa = PBXGroup;
			children = (
				053B251D24221CAC004C7656 /* Bookmarks1Cell1.swift */,
				053B251E24221CAC004C7656 /* Bookmarks1Cell1.xib */,
				053B252124221CCD004C7656 /* Bookmarks1Cell2.swift */,
				053B252224221CCD004C7656 /* Bookmarks1Cell2.xib */,
				053B251924221958004C7656 /* Bookmarks1View.swift */,
				053B251A24221958004C7656 /* Bookmarks1View.xib */,
			);
			path = 13_Bookmarks1;
			sourceTree = "<group>";
		};
		053B252F24222480004C7656 /* 14_SettingsView */ = {
			isa = PBXGroup;
			children = (
				053B25302422249F004C7656 /* SettingsView.swift */,
				053B25312422249F004C7656 /* SettingsView.xib */,
			);
			path = 14_SettingsView;
			sourceTree = "<group>";
		};
		053B253424222999004C7656 /* 15_EditProfile */ = {
			isa = PBXGroup;
			children = (
				053B2535242229AB004C7656 /* EditProfileView.swift */,
				053B2536242229AB004C7656 /* EditProfileView.xib */,
			);
			path = 15_EditProfile;
			sourceTree = "<group>";
		};
		05412507241F8AF200DCC466 /* 04_Home1 */ = {
			isa = PBXGroup;
			children = (
				058AF948241F8F1C00F9FD53 /* Home1Cell1.swift */,
				058AF949241F8F1C00F9FD53 /* Home1Cell1.xib */,
				058AF94C241F8F2C00F9FD53 /* Home1Cell2.swift */,
				058AF94D241F8F2C00F9FD53 /* Home1Cell2.xib */,
				05412508241F8B0100DCC466 /* Home1View.swift */,
				05412509241F8B0100DCC466 /* Home1View.xib */,
			);
			path = 04_Home1;
			sourceTree = "<group>";
		};
		05436AB92423D32C00B9D811 /* 24_Book1 */ = {
			isa = PBXGroup;
			children = (
				05436ABB2423D39500B9D811 /* Book1View.swift */,
				05436ABC2423D39500B9D811 /* Book1View.xib */,
			);
			path = 24_Book1;
			sourceTree = "<group>";
		};
		05436AC32423E30900B9D811 /* 25_MyLibrary1 */ = {
			isa = PBXGroup;
			children = (
				05436AC82423EA3000B9D811 /* MyLibrary1Cell1.swift */,
				05436AC92423EA3000B9D811 /* MyLibrary1Cell1.xib */,
				05436ACC2423EA4100B9D811 /* MyLibrary1Cell2.swift */,
				05436ACD2423EA4100B9D811 /* MyLibrary1Cell2.xib */,
				05436AC42423E32200B9D811 /* MyLibrary1View.swift */,
				05436AC52423E32200B9D811 /* MyLibrary1View.xib */,
			);
			path = 25_MyLibrary1;
			sourceTree = "<group>";
		};
		055FCFB924248CC500EB158C /* 28_FeaturedBooks1 */ = {
			isa = PBXGroup;
			children = (
				055FCFBE24248F1A00EB158C /* FeaturedBooks1Cell1.swift */,
				055FCFBF24248F1A00EB158C /* FeaturedBooks1Cell1.xib */,
				055FCFC224248F2900EB158C /* FeaturedBooks1Cell2.swift */,
				055FCFC324248F2900EB158C /* FeaturedBooks1Cell2.xib */,
				055FCFBA24248CDB00EB158C /* FeaturedBooks1View.swift */,
				055FCFBB24248CDB00EB158C /* FeaturedBooks1View.xib */,
			);
			path = 28_FeaturedBooks1;
			sourceTree = "<group>";
		};
		0568675F242104DD00680C50 /* 10_Topics1 */ = {
			isa = PBXGroup;
			children = (
				056867642421071F00680C50 /* Topics1Cell.swift */,
				056867652421071F00680C50 /* Topics1Cell.xib */,
				0568676824210C5E00680C50 /* Topics1Layout.swift */,
				05686760242104F200680C50 /* Topics1View.swift */,
				05686761242104F200680C50 /* Topics1View.xib */,
			);
			path = 10_Topics1;
			sourceTree = "<group>";
		};
		05762C66242324EE00960AA5 /* 20_Comments1 */ = {
			isa = PBXGroup;
			children = (
				05762C6B242327EC00960AA5 /* Comments1Cell1.swift */,
				05762C6C242327EC00960AA5 /* Comments1Cell1.xib */,
				0587423F24237B6A00039911 /* Comments1Cell2.swift */,
				0587424024237B6A00039911 /* Comments1Cell2.xib */,
				05762C672423250C00960AA5 /* Comments1View.swift */,
				05762C682423250C00960AA5 /* Comments1View.xib */,
			);
			path = 20_Comments1;
			sourceTree = "<group>";
		};
		0582D9C52423B74100F21F15 /* 23_Books1 */ = {
			isa = PBXGroup;
			children = (
				0582D9CA2423B91800F21F15 /* Books1Cell.swift */,
				0582D9CB2423B91800F21F15 /* Books1Cell.xib */,
				0582D9C62423B75C00F21F15 /* Books1View.swift */,
				0582D9C72423B75C00F21F15 /* Books1View.xib */,
			);
			path = 23_Books1;
			sourceTree = "<group>";
		};
		058742502423AD7900039911 /* 21_AddComment1 */ = {
			isa = PBXGroup;
			children = (
				058742512423ADBB00039911 /* AddComment1View.swift */,
				058742522423ADBB00039911 /* AddComment1View.xib */,
			);
			path = 21_AddComment1;
			sourceTree = "<group>";
		};
		0587425A2423B2A200039911 /* 22_BookPage */ = {
			isa = PBXGroup;
			children = (
				0587425B2423B2BF00039911 /* BookPageView.swift */,
				0587425C2423B2BF00039911 /* BookPageView.xib */,
			);
			path = 22_BookPage;
			sourceTree = "<group>";
		};
		058A906524229E550011C14F /* 19_TextEdit */ = {
			isa = PBXGroup;
			children = (
				058A906624229E6E0011C14F /* TextEditView.swift */,
				058A906724229E6E0011C14F /* TextEditView.xib */,
			);
			path = 19_TextEdit;
			sourceTree = "<group>";
		};
		059A2A6124247C8A00903B5D /* 26_Collections */ = {
			isa = PBXGroup;
			children = (
				059A2A6624247D5200903B5D /* CollectionsCell.swift */,
				059A2A6724247D5200903B5D /* CollectionsCell.xib */,
				059A2A6224247CA500903B5D /* CollectionsView.swift */,
				059A2A6324247CA500903B5D /* CollectionsView.xib */,
			);
			path = 26_Collections;
			sourceTree = "<group>";
		};
		05A22DEA2424872200AF4CFA /* 27_Genres1 */ = {
			isa = PBXGroup;
			children = (
				055FCFAC2424889B00EB158C /* Genres1Cell.swift */,
				055FCFAD2424889B00EB158C /* Genres1Cell.xib */,
				05A22DEB2424873900AF4CFA /* Genres1View.swift */,
				05A22DEC2424873900AF4CFA /* Genres1View.xib */,
			);
			path = 27_Genres1;
			sourceTree = "<group>";
		};
		05B515002422370B0061AAFF /* 16_Profile1 */ = {
			isa = PBXGroup;
			children = (
				053A26B92422391700499748 /* Profile1Cell.swift */,
				053A26BA2422391700499748 /* Profile1Cell.xib */,
				053A26BD24223C0800499748 /* Profile1View.swift */,
				053A26BE24223C0800499748 /* Profile1View.xib */,
			);
			path = 16_Profile1;
			sourceTree = "<group>";
		};
		05D5FB7A2424C7B200D08281 /* 29_AuthorsList1 */ = {
			isa = PBXGroup;
			children = (
				05D5FB7F2424C8F900D08281 /* AuthorsList1Cell.swift */,
				05D5FB802424C8F900D08281 /* AuthorsList1Cell.xib */,
				05D5FB7B2424C7CF00D08281 /* AuthorsList1View.swift */,
				05D5FB7C2424C7CF00D08281 /* AuthorsList1View.xib */,
			);
			path = 29_AuthorsList1;
			sourceTree = "<group>";
		};
		05D5FB902424D97800D08281 /* 30_Author1 */ = {
			isa = PBXGroup;
			children = (
				05D5FB952424DFF500D08281 /* Author1Cell.swift */,
				05D5FB962424DFF500D08281 /* Author1Cell.xib */,
				05D5FB912424D99300D08281 /* Author1View.swift */,
				05D5FB922424D99300D08281 /* Author1View.xib */,
			);
			path = 30_Author1;
			sourceTree = "<group>";
		};
		05F4D053241FB396005DD11D /* 05_Top1 */ = {
			isa = PBXGroup;
			children = (
				05F4D058241FB4C4005DD11D /* Top1Cell.swift */,
				05F4D059241FB4C4005DD11D /* Top1Cell.xib */,
				05F4D054241FB3B4005DD11D /* Top1View.swift */,
				05F4D055241FB3B4005DD11D /* Top1View.xib */,
			);
			path = 05_Top1;
			sourceTree = "<group>";
		};
		05FE013124208C1F00ED987F /* 06_Categories1 */ = {
			isa = PBXGroup;
			children = (
				05FE013224208C5100ED987F /* Categories1View.swift */,
				05FE013324208C5100ED987F /* Categories1View.xib */,
			);
			path = 06_Categories1;
			sourceTree = "<group>";
		};
		05FE015E2420A3C700ED987F /* 07_Posts1 */ = {
			isa = PBXGroup;
			children = (
				05FE01632420A52600ED987F /* Posts1Cell.swift */,
				05FE01642420A52600ED987F /* Posts1Cell.xib */,
				05FE015F2420A3E600ED987F /* Posts1View.swift */,
				05FE01602420A3E600ED987F /* Posts1View.xib */,
			);
			path = 07_Posts1;
			sourceTree = "<group>";
		};
		05FE01742420C85900ED987F /* 08_Posts3 */ = {
			isa = PBXGroup;
			children = (
				05FE01792420CCA700ED987F /* Posts3Cell1.swift */,
				05FE017A2420CCA700ED987F /* Posts3Cell1.xib */,
				05FE017D2420CCB300ED987F /* Posts3Cell2.swift */,
				05FE017E2420CCB300ED987F /* Posts3Cell2.xib */,
				05FE01752420C87700ED987F /* Posts3View.swift */,
				05FE01762420C87700ED987F /* Posts3View.xib */,
			);
			path = 08_Posts3;
			sourceTree = "<group>";
		};
		2907ECF023F2F51100DC5238 /* 00_Base */ = {
			isa = PBXGroup;
			children = (
				2907ECF223F2F51100DC5238 /* BaseView.swift */,
				2907ECF123F2F51100DC5238 /* BaseView.xib */,
				29F8D83123F30FFF00DC6EAB /* Utilities */,
			);
			path = 00_Base;
			sourceTree = "<group>";
		};
		29601FE21F2CF5F600544468 /* Classes */ = {
			isa = PBXGroup;
			children = (
				2907ECF023F2F51100DC5238 /* 00_Base */,
				52220FF62441DB9600EF6770 /* 01_Login1 */,
				52220FF92441DB9600EF6770 /* 02_SignUp2 */,
				52220FFC2441DB9600EF6770 /* 03_Walkthrough4 */,
				05412507241F8AF200DCC466 /* 04_Home1 */,
				05F4D053241FB396005DD11D /* 05_Top1 */,
				05FE013124208C1F00ED987F /* 06_Categories1 */,
				05FE015E2420A3C700ED987F /* 07_Posts1 */,
				05FE01742420C85900ED987F /* 08_Posts3 */,
				05304F372420EA20009662BA /* 09_Posts8 */,
				0568675F242104DD00680C50 /* 10_Topics1 */,
				053B24FC2421F610004C7656 /* 11_Notifications1 */,
				053B24E82421F424004C7656 /* 12_Search1 */,
				053B251824220429004C7656 /* 13_Bookmarks1 */,
				053B252F24222480004C7656 /* 14_SettingsView */,
				053B253424222999004C7656 /* 15_EditProfile */,
				05B515002422370B0061AAFF /* 16_Profile1 */,
				053A26D32422504D00499748 /* 17_Article1 */,
				053A26E22422676800499748 /* 18_TextOptions1 */,
				058A906524229E550011C14F /* 19_TextEdit */,
				05762C66242324EE00960AA5 /* 20_Comments1 */,
				058742502423AD7900039911 /* 21_AddComment1 */,
				0587425A2423B2A200039911 /* 22_BookPage */,
				0582D9C52423B74100F21F15 /* 23_Books1 */,
				05436AB92423D32C00B9D811 /* 24_Book1 */,
				05436AC32423E30900B9D811 /* 25_MyLibrary1 */,
				059A2A6124247C8A00903B5D /* 26_Collections */,
				05A22DEA2424872200AF4CFA /* 27_Genres1 */,
				055FCFB924248CC500EB158C /* 28_FeaturedBooks1 */,
				05D5FB7A2424C7B200D08281 /* 29_AuthorsList1 */,
				05D5FB902424D97800D08281 /* 30_Author1 */,
			);
			path = Classes;
			sourceTree = "<group>";
		};
		29D29EE81D9A59E4006CA074 = {
			isa = PBXGroup;
			children = (
				29601FE21F2CF5F600544468 /* Classes */,
				29D29EF31D9A59E4006CA074 /* app */,
				29D29EF21D9A59E4006CA074 /* Products */,
				7B8B1B7262BA6687D240D5CB /* Pods */,
				BD5925BEFAEDA190E57A7F14 /* Frameworks */,
			);
			sourceTree = "<group>";
		};
		29D29EF21D9A59E4006CA074 /* Products */ = {
			isa = PBXGroup;
			children = (
				29D29EF11D9A59E4006CA074 /* app.app */,
			);
			name = Products;
			sourceTree = "<group>";
		};
		29D29EF31D9A59E4006CA074 /* app */ = {
			isa = PBXGroup;
			children = (
				295015181D9A5C1B00AFD8B3 /* app.entitlements */,
				29D29EF81D9A59E4006CA074 /* AppDelegate.swift */,
				29D29F001D9A59E4006CA074 /* Assets.xcassets */,
				29D29F021D9A59E4006CA074 /* LaunchScreen.storyboard */,
				29D29F051D9A59E4006CA074 /* Info.plist */,
			);
			path = app;
			sourceTree = "<group>";
		};
		29F8D83123F30FFF00DC6EAB /* Utilities */ = {
			isa = PBXGroup;
			children = (
				29934278240AF30D006F6B4E /* AppColor.swift */,
				29F8D83323F30FFF00DC6EAB /* NavController.swift */,
				52220FF22441D9F600EF6770 /* UIView+Extension.swift */,
				52220FF02441D9F600EF6770 /* UITextField+Extension.swift */,
				52220FF12441D9F600EF6770 /* UIImageView+Extension.swift */,
			);
			path = Utilities;
			sourceTree = "<group>";
		};
		52220FF62441DB9600EF6770 /* 01_Login1 */ = {
			isa = PBXGroup;
			children = (
				52220FF72441DB9600EF6770 /* Login1View.swift */,
				52220FF82441DB9600EF6770 /* Login1View.xib */,
			);
			path = 01_Login1;
			sourceTree = "<group>";
		};
		52220FF92441DB9600EF6770 /* 02_SignUp2 */ = {
			isa = PBXGroup;
			children = (
				52220FFA2441DB9600EF6770 /* SignUp2View.swift */,
				52220FFB2441DB9600EF6770 /* SignUp2View.xib */,
			);
			path = 02_SignUp2;
			sourceTree = "<group>";
		};
		52220FFC2441DB9600EF6770 /* 03_Walkthrough4 */ = {
			isa = PBXGroup;
			children = (
				52220FFD2441DB9600EF6770 /* Walkthrough4Cell.swift */,
				52220FFE2441DB9600EF6770 /* Walkthrough4Cell.xib */,
				52220FFF2441DB9600EF6770 /* Walkthrough4View.swift */,
				522210002441DB9600EF6770 /* Walkthrough4View.xib */,
			);
			path = 03_Walkthrough4;
			sourceTree = "<group>";
		};
		7B8B1B7262BA6687D240D5CB /* Pods */ = {
			isa = PBXGroup;
			children = (
				FC28F63C1114893726170446 /* Pods-app.debug.xcconfig */,
				7393A6F3A4D6270AF7ACDCFA /* Pods-app.release.xcconfig */,
			);
			name = Pods;
			sourceTree = "<group>";
		};
		BD5925BEFAEDA190E57A7F14 /* Frameworks */ = {
			isa = PBXGroup;
			children = (
				0FC0A38E2388E7C83ED82AE0 /* Pods_app.framework */,
			);
			name = Frameworks;
			sourceTree = "<group>";
		};
/* End PBXGroup section */

/* Begin PBXNativeTarget section */
		29D29EF01D9A59E4006CA074 /* app */ = {
			isa = PBXNativeTarget;
			buildConfigurationList = 29D29F081D9A59E4006CA074 /* Build configuration list for PBXNativeTarget "app" */;
			buildPhases = (
				91641E363E2F060525A0B842 /* [CP] Check Pods Manifest.lock */,
				29D29EED1D9A59E4006CA074 /* Sources */,
				29D29EEE1D9A59E4006CA074 /* Frameworks */,
				29D29EEF1D9A59E4006CA074 /* Resources */,
				89C2A18B306ED8699D805126 /* [CP] Embed Pods Frameworks */,
			);
			buildRules = (
			);
			dependencies = (
			);
			name = app;
			productName = app;
			productReference = 29D29EF11D9A59E4006CA074 /* app.app */;
			productType = "com.apple.product-type.application";
		};
/* End PBXNativeTarget section */

/* Begin PBXProject section */
		29D29EE91D9A59E4006CA074 /* Project object */ = {
			isa = PBXProject;
			attributes = {
				LastUpgradeCheck = 0940;
				ORGANIZATIONNAME = KZ;
				TargetAttributes = {
					29D29EF01D9A59E4006CA074 = {
						CreatedOnToolsVersion = 8.0;
						LastSwiftMigration = 1000;
						ProvisioningStyle = Automatic;
						SystemCapabilities = {
							com.apple.BackgroundModes = {
								enabled = 1;
							};
							com.apple.Keychain = {
								enabled = 1;
							};
							com.apple.Push = {
								enabled = 1;
							};
						};
					};
				};
			};
			buildConfigurationList = 29D29EEC1D9A59E4006CA074 /* Build configuration list for PBXProject "app" */;
			compatibilityVersion = "Xcode 3.2";
			developmentRegion = en;
			hasScannedForEncodings = 0;
			knownRegions = (
				en,
				Base,
			);
			mainGroup = 29D29EE81D9A59E4006CA074;
			productRefGroup = 29D29EF21D9A59E4006CA074 /* Products */;
			projectDirPath = "";
			projectRoot = "";
			targets = (
				29D29EF01D9A59E4006CA074 /* app */,
			);
		};
/* End PBXProject section */

/* Begin PBXResourcesBuildPhase section */
		29D29EEF1D9A59E4006CA074 /* Resources */ = {
			isa = PBXResourcesBuildPhase;
			buildActionMask = 2147483647;
			files = (
				522210082441DB9600EF6770 /* Walkthrough4View.xib in Resources */,
				29D29F041D9A59E4006CA074 /* LaunchScreen.storyboard in Resources */,
				058AF94F241F8F2C00F9FD53 /* Home1Cell2.xib in Resources */,
				05762C6A2423250C00960AA5 /* Comments1View.xib in Resources */,
				05D5FB822424C8F900D08281 /* AuthorsList1Cell.xib in Resources */,
				0582D9CD2423B91800F21F15 /* Books1Cell.xib in Resources */,
				522210062441DB9600EF6770 /* Walkthrough4Cell.xib in Resources */,
				05762C6E242327EC00960AA5 /* Comments1Cell1.xib in Resources */,
				055FCFC524248F2900EB158C /* FeaturedBooks1Cell2.xib in Resources */,
				055FCFC124248F1A00EB158C /* FeaturedBooks1Cell1.xib in Resources */,
				053B252424221CCD004C7656 /* Bookmarks1Cell2.xib in Resources */,
				05304F3B2420EA5C009662BA /* Posts8View.xib in Resources */,
				053B25332422249F004C7656 /* SettingsView.xib in Resources */,
				05D5FB982424DFF500D08281 /* Author1Cell.xib in Resources */,
				058742542423ADBB00039911 /* AddComment1View.xib in Resources */,
				05A22DEE2424873900AF4CFA /* Genres1View.xib in Resources */,
				053A26E62422678700499748 /* TextOptions1View.xib in Resources */,
				053B25062421F610004C7656 /* Notifications1View.xib in Resources */,
				0587425E2423B2BF00039911 /* BookPageView.xib in Resources */,
				05436ACF2423EA4100B9D811 /* MyLibrary1Cell2.xib in Resources */,
				05FE01782420C87700ED987F /* Posts3View.xib in Resources */,
				053A26D72422506A00499748 /* Article1View.xib in Resources */,
				05F4D05B241FB4C4005DD11D /* Top1Cell.xib in Resources */,
				053B251C24221958004C7656 /* Bookmarks1View.xib in Resources */,
				056867672421071F00680C50 /* Topics1Cell.xib in Resources */,
				05686763242104F200680C50 /* Topics1View.xib in Resources */,
				05304F3F2420EF62009662BA /* Posts8Cell.xib in Resources */,
				055FCFBD24248CDB00EB158C /* FeaturedBooks1View.xib in Resources */,
				0582D9C92423B75C00F21F15 /* Books1View.xib in Resources */,
				05FE01622420A3E600ED987F /* Posts1View.xib in Resources */,
				05436ACB2423EA3000B9D811 /* MyLibrary1Cell1.xib in Resources */,
				05436ABE2423D39500B9D811 /* Book1View.xib in Resources */,
				053B24EC2421F43A004C7656 /* Search1View.xib in Resources */,
				053B2538242229AB004C7656 /* EditProfileView.xib in Resources */,
				053B250E2421FB41004C7656 /* Search1Cell.xib in Resources */,
				2907ECF323F2F51100DC5238 /* BaseView.xib in Resources */,
				053B252024221CAC004C7656 /* Bookmarks1Cell1.xib in Resources */,
				29D29F011D9A59E4006CA074 /* Assets.xcassets in Resources */,
				522210022441DB9600EF6770 /* Login1View.xib in Resources */,
				053A26BC2422391700499748 /* Profile1Cell.xib in Resources */,
				05D5FB942424D99300D08281 /* Author1View.xib in Resources */,
				058AF94B241F8F1C00F9FD53 /* Home1Cell1.xib in Resources */,
				05FE013524208C5100ED987F /* Categories1View.xib in Resources */,
				058A906924229E6E0011C14F /* TextEditView.xib in Resources */,
				05FE017C2420CCA700ED987F /* Posts3Cell1.xib in Resources */,
				05D5FB7E2424C7CF00D08281 /* AuthorsList1View.xib in Resources */,
				058742462423834A00039911 /* Comments1Cell2.xib in Resources */,
				059A2A6524247CA500903B5D /* CollectionsView.xib in Resources */,
				0541250B241F8B0100DCC466 /* Home1View.xib in Resources */,
				058A905324227C660011C14F /* TextOptions1Cell2.xib in Resources */,
				05FE01802420CCB300ED987F /* Posts3Cell2.xib in Resources */,
				059A2A6924247D5200903B5D /* CollectionsCell.xib in Resources */,
				522210042441DB9600EF6770 /* SignUp2View.xib in Resources */,
				05FE01662420A52600ED987F /* Posts1Cell.xib in Resources */,
				05436AC72423E32200B9D811 /* MyLibrary1View.xib in Resources */,
				053A26C024223C0800499748 /* Profile1View.xib in Resources */,
				058A904F24227C550011C14F /* TextOptions1Cell1.xib in Resources */,
				05F4D057241FB3B4005DD11D /* Top1View.xib in Resources */,
				055FCFAF2424889B00EB158C /* Genres1Cell.xib in Resources */,
			);
			runOnlyForDeploymentPostprocessing = 0;
		};
/* End PBXResourcesBuildPhase section */

/* Begin PBXShellScriptBuildPhase section */
		89C2A18B306ED8699D805126 /* [CP] Embed Pods Frameworks */ = {
			isa = PBXShellScriptBuildPhase;
			buildActionMask = 2147483647;
			files = (
			);
			inputPaths = (
				"${PODS_ROOT}/Target Support Files/Pods-app/Pods-app-frameworks.sh",
				"${BUILT_PRODUCTS_DIR}/IQKeyboardManagerSwift/IQKeyboardManagerSwift.framework",
				"${BUILT_PRODUCTS_DIR}/Kingfisher/Kingfisher.framework",
			);
			name = "[CP] Embed Pods Frameworks";
			outputPaths = (
				"${TARGET_BUILD_DIR}/${FRAMEWORKS_FOLDER_PATH}/IQKeyboardManagerSwift.framework",
				"${TARGET_BUILD_DIR}/${FRAMEWORKS_FOLDER_PATH}/Kingfisher.framework",
			);
			runOnlyForDeploymentPostprocessing = 0;
			shellPath = /bin/sh;
			shellScript = "\"${PODS_ROOT}/Target Support Files/Pods-app/Pods-app-frameworks.sh\"\n";
			showEnvVarsInLog = 0;
		};
		91641E363E2F060525A0B842 /* [CP] Check Pods Manifest.lock */ = {
			isa = PBXShellScriptBuildPhase;
			buildActionMask = 2147483647;
			files = (
			);
			inputPaths = (
				"${PODS_PODFILE_DIR_PATH}/Podfile.lock",
				"${PODS_ROOT}/Manifest.lock",
			);
			name = "[CP] Check Pods Manifest.lock";
			outputPaths = (
				"$(DERIVED_FILE_DIR)/Pods-app-checkManifestLockResult.txt",
			);
			runOnlyForDeploymentPostprocessing = 0;
			shellPath = /bin/sh;
			shellScript = "diff \"${PODS_PODFILE_DIR_PATH}/Podfile.lock\" \"${PODS_ROOT}/Manifest.lock\" > /dev/null\nif [ $? != 0 ] ; then\n    # print error to STDERR\n    echo \"error: The sandbox is not in sync with the Podfile.lock. Run 'pod install' or update your CocoaPods installation.\" >&2\n    exit 1\nfi\n# This output is used by Xcode 'outputs' to avoid re-running this script phase.\necho \"SUCCESS\" > \"${SCRIPT_OUTPUT_FILE_0}\"\n";
			showEnvVarsInLog = 0;
		};
/* End PBXShellScriptBuildPhase section */

/* Begin PBXSourcesBuildPhase section */
		29D29EED1D9A59E4006CA074 /* Sources */ = {
			isa = PBXSourcesBuildPhase;
			buildActionMask = 2147483647;
			files = (
				522210012441DB9600EF6770 /* Login1View.swift in Sources */,
				053B2537242229AB004C7656 /* EditProfileView.swift in Sources */,
				059A2A6824247D5200903B5D /* CollectionsCell.swift in Sources */,
				053A26BB2422391700499748 /* Profile1Cell.swift in Sources */,
				053A26BF24223C0800499748 /* Profile1View.swift in Sources */,
				0582D9C82423B75C00F21F15 /* Books1View.swift in Sources */,
				058742452423834A00039911 /* Comments1Cell2.swift in Sources */,
				05686762242104F200680C50 /* Topics1View.swift in Sources */,
				05FE01652420A52600ED987F /* Posts1Cell.swift in Sources */,
				29F8D83523F30FFF00DC6EAB /* NavController.swift in Sources */,
				05436ACA2423EA3000B9D811 /* MyLibrary1Cell1.swift in Sources */,
				053B24EB2421F43A004C7656 /* Search1View.swift in Sources */,
				52220FF32441D9F600EF6770 /* UITextField+Extension.swift in Sources */,
				05D5FB812424C8F900D08281 /* AuthorsList1Cell.swift in Sources */,
				053A26E52422678700499748 /* TextOptions1View.swift in Sources */,
				2993427A240AF30D006F6B4E /* AppColor.swift in Sources */,
				522210072441DB9600EF6770 /* Walkthrough4View.swift in Sources */,
				053B25052421F610004C7656 /* Notifications1View.swift in Sources */,
				05A22DED2424873900AF4CFA /* Genres1View.swift in Sources */,
				058A905224227C660011C14F /* TextOptions1Cell2.swift in Sources */,
				52220FF52441D9F600EF6770 /* UIView+Extension.swift in Sources */,
				05F4D05A241FB4C4005DD11D /* Top1Cell.swift in Sources */,
				05304F3E2420EF62009662BA /* Posts8Cell.swift in Sources */,
				05436ABD2423D39500B9D811 /* Book1View.swift in Sources */,
				053B25322422249F004C7656 /* SettingsView.swift in Sources */,
				055FCFAE2424889B00EB158C /* Genres1Cell.swift in Sources */,
				05FE01612420A3E600ED987F /* Posts1View.swift in Sources */,
				05762C6D242327EC00960AA5 /* Comments1Cell1.swift in Sources */,
				2907ECF423F2F51100DC5238 /* BaseView.swift in Sources */,
				058742532423ADBB00039911 /* AddComment1View.swift in Sources */,
				058A906824229E6E0011C14F /* TextEditView.swift in Sources */,
				053B252324221CCD004C7656 /* Bookmarks1Cell2.swift in Sources */,
				05FE017F2420CCB300ED987F /* Posts3Cell2.swift in Sources */,
				055FCFC024248F1A00EB158C /* FeaturedBooks1Cell1.swift in Sources */,
				52220FF42441D9F600EF6770 /* UIImageView+Extension.swift in Sources */,
				058A904E24227C550011C14F /* TextOptions1Cell1.swift in Sources */,
				05304F3A2420EA5C009662BA /* Posts8View.swift in Sources */,
				05D5FB7D2424C7CF00D08281 /* AuthorsList1View.swift in Sources */,
				05436AC62423E32200B9D811 /* MyLibrary1View.swift in Sources */,
				0582D9CC2423B91800F21F15 /* Books1Cell.swift in Sources */,
				05F4D056241FB3B4005DD11D /* Top1View.swift in Sources */,
				0587425D2423B2BF00039911 /* BookPageView.swift in Sources */,
				522210052441DB9600EF6770 /* Walkthrough4Cell.swift in Sources */,
				05FE013424208C5100ED987F /* Categories1View.swift in Sources */,
				29D29EF91D9A59E4006CA074 /* AppDelegate.swift in Sources */,
				05436ACE2423EA4100B9D811 /* MyLibrary1Cell2.swift in Sources */,
				058AF94A241F8F1C00F9FD53 /* Home1Cell1.swift in Sources */,
				05FE01772420C87700ED987F /* Posts3View.swift in Sources */,
				05762C692423250C00960AA5 /* Comments1View.swift in Sources */,
				055FCFC424248F2900EB158C /* FeaturedBooks1Cell2.swift in Sources */,
				0568676924210C5E00680C50 /* Topics1Layout.swift in Sources */,
				05D5FB972424DFF500D08281 /* Author1Cell.swift in Sources */,
				059A2A6424247CA500903B5D /* CollectionsView.swift in Sources */,
				522210032441DB9600EF6770 /* SignUp2View.swift in Sources */,
				053A26D62422506A00499748 /* Article1View.swift in Sources */,
				053B251F24221CAC004C7656 /* Bookmarks1Cell1.swift in Sources */,
				053B250D2421FB41004C7656 /* Search1Cell.swift in Sources */,
				055FCFBC24248CDB00EB158C /* FeaturedBooks1View.swift in Sources */,
				0541250A241F8B0100DCC466 /* Home1View.swift in Sources */,
				05D5FB932424D99300D08281 /* Author1View.swift in Sources */,
				058AF94E241F8F2C00F9FD53 /* Home1Cell2.swift in Sources */,
				05FE017B2420CCA700ED987F /* Posts3Cell1.swift in Sources */,
				056867662421071F00680C50 /* Topics1Cell.swift in Sources */,
				053B251B24221958004C7656 /* Bookmarks1View.swift in Sources */,
			);
			runOnlyForDeploymentPostprocessing = 0;
		};
/* End PBXSourcesBuildPhase section */

/* Begin PBXVariantGroup section */
		29D29F021D9A59E4006CA074 /* LaunchScreen.storyboard */ = {
			isa = PBXVariantGroup;
			children = (
				29D29F031D9A59E4006CA074 /* Base */,
			);
			name = LaunchScreen.storyboard;
			sourceTree = "<group>";
		};
/* End PBXVariantGroup section */

/* Begin XCBuildConfiguration section */
		29D29F061D9A59E4006CA074 /* Debug */ = {
			isa = XCBuildConfiguration;
			buildSettings = {
				ALWAYS_SEARCH_USER_PATHS = NO;
				CLANG_ANALYZER_NONNULL = YES;
				CLANG_CXX_LANGUAGE_STANDARD = "gnu++0x";
				CLANG_CXX_LIBRARY = "libc++";
				CLANG_ENABLE_MODULES = YES;
				CLANG_ENABLE_OBJC_ARC = YES;
				CLANG_WARN_BLOCK_CAPTURE_AUTORELEASING = YES;
				CLANG_WARN_BOOL_CONVERSION = YES;
				CLANG_WARN_COMMA = YES;
				CLANG_WARN_CONSTANT_CONVERSION = YES;
				CLANG_WARN_DEPRECATED_OBJC_IMPLEMENTATIONS = YES;
				CLANG_WARN_DIRECT_OBJC_ISA_USAGE = YES_ERROR;
				CLANG_WARN_DOCUMENTATION_COMMENTS = YES;
				CLANG_WARN_EMPTY_BODY = YES;
				CLANG_WARN_ENUM_CONVERSION = YES;
				CLANG_WARN_INFINITE_RECURSION = YES;
				CLANG_WARN_INT_CONVERSION = YES;
				CLANG_WARN_NON_LITERAL_NULL_CONVERSION = YES;
				CLANG_WARN_OBJC_IMPLICIT_RETAIN_SELF = YES;
				CLANG_WARN_OBJC_LITERAL_CONVERSION = YES;
				CLANG_WARN_OBJC_ROOT_CLASS = YES_ERROR;
				CLANG_WARN_RANGE_LOOP_ANALYSIS = YES;
				CLANG_WARN_STRICT_PROTOTYPES = YES;
				CLANG_WARN_SUSPICIOUS_MOVE = YES;
				CLANG_WARN_SUSPICIOUS_MOVES = YES;
				CLANG_WARN_UNREACHABLE_CODE = YES;
				CLANG_WARN__DUPLICATE_METHOD_MATCH = YES;
				"CODE_SIGN_IDENTITY[sdk=iphoneos*]" = "iPhone Developer";
				COPY_PHASE_STRIP = NO;
				DEBUG_INFORMATION_FORMAT = dwarf;
				ENABLE_STRICT_OBJC_MSGSEND = YES;
				ENABLE_TESTABILITY = YES;
				GCC_C_LANGUAGE_STANDARD = gnu99;
				GCC_DYNAMIC_NO_PIC = NO;
				GCC_NO_COMMON_BLOCKS = YES;
				GCC_OPTIMIZATION_LEVEL = 0;
				GCC_PREPROCESSOR_DEFINITIONS = (
					"DEBUG=1",
					"$(inherited)",
				);
				GCC_WARN_64_TO_32_BIT_CONVERSION = YES;
				GCC_WARN_ABOUT_RETURN_TYPE = YES_ERROR;
				GCC_WARN_UNDECLARED_SELECTOR = YES;
				GCC_WARN_UNINITIALIZED_AUTOS = YES_AGGRESSIVE;
				GCC_WARN_UNUSED_FUNCTION = YES;
				GCC_WARN_UNUSED_VARIABLE = YES;
				IPHONEOS_DEPLOYMENT_TARGET = 11.0;
				MTL_ENABLE_DEBUG_INFO = YES;
				ONLY_ACTIVE_ARCH = YES;
				SDKROOT = iphoneos;
				SWIFT_VERSION = 5.0;
			};
			name = Debug;
		};
		29D29F071D9A59E4006CA074 /* Release */ = {
			isa = XCBuildConfiguration;
			buildSettings = {
				ALWAYS_SEARCH_USER_PATHS = NO;
				CLANG_ANALYZER_NONNULL = YES;
				CLANG_CXX_LANGUAGE_STANDARD = "gnu++0x";
				CLANG_CXX_LIBRARY = "libc++";
				CLANG_ENABLE_MODULES = YES;
				CLANG_ENABLE_OBJC_ARC = YES;
				CLANG_WARN_BLOCK_CAPTURE_AUTORELEASING = YES;
				CLANG_WARN_BOOL_CONVERSION = YES;
				CLANG_WARN_COMMA = YES;
				CLANG_WARN_CONSTANT_CONVERSION = YES;
				CLANG_WARN_DEPRECATED_OBJC_IMPLEMENTATIONS = YES;
				CLANG_WARN_DIRECT_OBJC_ISA_USAGE = YES_ERROR;
				CLANG_WARN_DOCUMENTATION_COMMENTS = YES;
				CLANG_WARN_EMPTY_BODY = YES;
				CLANG_WARN_ENUM_CONVERSION = YES;
				CLANG_WARN_INFINITE_RECURSION = YES;
				CLANG_WARN_INT_CONVERSION = YES;
				CLANG_WARN_NON_LITERAL_NULL_CONVERSION = YES;
				CLANG_WARN_OBJC_IMPLICIT_RETAIN_SELF = YES;
				CLANG_WARN_OBJC_LITERAL_CONVERSION = YES;
				CLANG_WARN_OBJC_ROOT_CLASS = YES_ERROR;
				CLANG_WARN_RANGE_LOOP_ANALYSIS = YES;
				CLANG_WARN_STRICT_PROTOTYPES = YES;
				CLANG_WARN_SUSPICIOUS_MOVE = YES;
				CLANG_WARN_SUSPICIOUS_MOVES = YES;
				CLANG_WARN_UNREACHABLE_CODE = YES;
				CLANG_WARN__DUPLICATE_METHOD_MATCH = YES;
				"CODE_SIGN_IDENTITY[sdk=iphoneos*]" = "iPhone Developer";
				COPY_PHASE_STRIP = NO;
				DEBUG_INFORMATION_FORMAT = "dwarf-with-dsym";
				ENABLE_NS_ASSERTIONS = NO;
				ENABLE_STRICT_OBJC_MSGSEND = YES;
				GCC_C_LANGUAGE_STANDARD = gnu99;
				GCC_NO_COMMON_BLOCKS = YES;
				GCC_WARN_64_TO_32_BIT_CONVERSION = YES;
				GCC_WARN_ABOUT_RETURN_TYPE = YES_ERROR;
				GCC_WARN_UNDECLARED_SELECTOR = YES;
				GCC_WARN_UNINITIALIZED_AUTOS = YES_AGGRESSIVE;
				GCC_WARN_UNUSED_FUNCTION = YES;
				GCC_WARN_UNUSED_VARIABLE = YES;
				IPHONEOS_DEPLOYMENT_TARGET = 11.0;
				MTL_ENABLE_DEBUG_INFO = NO;
				SDKROOT = iphoneos;
				SWIFT_COMPILATION_MODE = wholemodule;
				SWIFT_VERSION = 5.0;
				VALIDATE_PRODUCT = YES;
			};
			name = Release;
		};
		29D29F091D9A59E4006CA074 /* Debug */ = {
			isa = XCBuildConfiguration;
			baseConfigurationReference = FC28F63C1114893726170446 /* Pods-app.debug.xcconfig */;
			buildSettings = {
				ASSETCATALOG_COMPILER_APPICON_NAME = AppIcon;
				CLANG_ENABLE_MODULES = YES;
				CLANG_WARN_DOCUMENTATION_COMMENTS = NO;
				CLANG_WARN_OBJC_IMPLICIT_RETAIN_SELF = NO;
				CODE_SIGN_ENTITLEMENTS = app/app.entitlements;
				CODE_SIGN_IDENTITY = "Apple Development";
				CODE_SIGN_STYLE = Automatic;
				DEBUG_INFORMATION_FORMAT = "dwarf-with-dsym";
				DEVELOPMENT_TEAM = "";
				GCC_PRECOMPILE_PREFIX_HEADER = YES;
				GCC_PREFIX_HEADER = "app-Prefix.pch";
				INFOPLIST_FILE = app/Info.plist;
				IPHONEOS_DEPLOYMENT_TARGET = 13.0;
				LD_RUNPATH_SEARCH_PATHS = "$(inherited) @executable_path/Frameworks";
				MARKETING_VERSION = 1.0;
				PRODUCT_BUNDLE_IDENTIFIER = com.relatedcode.appdesignkit;
				PRODUCT_NAME = "$(TARGET_NAME)";
				PROVISIONING_PROFILE_SPECIFIER = "";
				SWIFT_OBJC_BRIDGING_HEADER = "";
				SWIFT_OPTIMIZATION_LEVEL = "-Onone";
				SWIFT_SUPPRESS_WARNINGS = NO;
				SWIFT_VERSION = 5.0;
			};
			name = Debug;
		};
		29D29F0A1D9A59E4006CA074 /* Release */ = {
			isa = XCBuildConfiguration;
			baseConfigurationReference = 7393A6F3A4D6270AF7ACDCFA /* Pods-app.release.xcconfig */;
			buildSettings = {
				ASSETCATALOG_COMPILER_APPICON_NAME = AppIcon;
				CLANG_ENABLE_MODULES = YES;
				CLANG_WARN_DOCUMENTATION_COMMENTS = NO;
				CLANG_WARN_OBJC_IMPLICIT_RETAIN_SELF = NO;
				CODE_SIGN_ENTITLEMENTS = app/app.entitlements;
				CODE_SIGN_IDENTITY = "Apple Development";
				CODE_SIGN_STYLE = Automatic;
				DEVELOPMENT_TEAM = "";
				GCC_PRECOMPILE_PREFIX_HEADER = YES;
				GCC_PREFIX_HEADER = "app-Prefix.pch";
				INFOPLIST_FILE = app/Info.plist;
				IPHONEOS_DEPLOYMENT_TARGET = 13.0;
				LD_RUNPATH_SEARCH_PATHS = "$(inherited) @executable_path/Frameworks";
				MARKETING_VERSION = 1.0;
				PRODUCT_BUNDLE_IDENTIFIER = com.relatedcode.appdesignkit;
				PRODUCT_NAME = "$(TARGET_NAME)";
				PROVISIONING_PROFILE_SPECIFIER = "";
				SWIFT_OBJC_BRIDGING_HEADER = "";
				SWIFT_VERSION = 5.0;
			};
			name = Release;
		};
/* End XCBuildConfiguration section */

/* Begin XCConfigurationList section */
		29D29EEC1D9A59E4006CA074 /* Build configuration list for PBXProject "app" */ = {
			isa = XCConfigurationList;
			buildConfigurations = (
				29D29F061D9A59E4006CA074 /* Debug */,
				29D29F071D9A59E4006CA074 /* Release */,
			);
			defaultConfigurationIsVisible = 0;
			defaultConfigurationName = Release;
		};
		29D29F081D9A59E4006CA074 /* Build configuration list for PBXNativeTarget "app" */ = {
			isa = XCConfigurationList;
			buildConfigurations = (
				29D29F091D9A59E4006CA074 /* Debug */,
				29D29F0A1D9A59E4006CA074 /* Release */,
			);
			defaultConfigurationIsVisible = 0;
			defaultConfigurationName = Release;
		};
/* End XCConfigurationList section */
	};
	rootObject = 29D29EE91D9A59E4006CA074 /* Project object */;
}
